
Microsoft Visual Studio Solution File, Format Version 12.00
# Visual Studio Version 17
VisualStudioVersion = 17.4.33205.214
MinimumVisualStudioVersion = 10.0.40219.1
Project("{9A19103F-16F7-4668-BE54-9A1E7A4F7556}") = "RRS.API", "Recommendation System\RRS.API.csproj", "{0BDF8EC0-2520-4104-BE2D-8289526D155D}"
EndProject
Project("{9A19103F-16F7-4668-BE54-9A1E7A4F7556}") = "RRS.Data", "RRS.DAL.Restaurant\RRS.Data.csproj", "{55807C94-DBA9-43B2-8047-9CD91519AA07}"
EndProject
Project("{FAE04EC0-301F-11D3-BF4B-00C04F79EFBC}") = "RRS.Service", "RRS.Service\RRS.Service.csproj", "{2E73828F-B973-4BB5-8E87-F9A643420316}"
EndProject
Global
	GlobalSection(SolutionConfigurationPlatforms) = preSolution
		Debug|Any CPU = Debug|Any CPU
		Release|Any CPU = Release|Any CPU
	EndGlobalSection
	GlobalSection(ProjectConfigurationPlatforms) = postSolution
		{0BDF8EC0-2520-4104-BE2D-8289526D155D}.Debug|Any CPU.ActiveCfg = Debug|Any CPU
		{0BDF8EC0-2520-4104-BE2D-8289526D155D}.Debug|Any CPU.Build.0 = Debug|Any CPU
		{0BDF8EC0-2520-4104-BE2D-8289526D155D}.Release|Any CPU.ActiveCfg = Release|Any CPU
		{0BDF8EC0-2520-4104-BE2D-8289526D155D}.Release|Any CPU.Build.0 = Release|Any CPU
		{55807C94-DBA9-43B2-8047-9CD91519AA07}.Debug|Any CPU.ActiveCfg = Debug|Any CPU
		{55807C94-DBA9-43B2-8047-9CD91519AA07}.Debug|Any CPU.Build.0 = Debug|Any CPU
		{55807C94-DBA9-43B2-8047-9CD91519AA07}.Release|Any CPU.ActiveCfg = Release|Any CPU
		{55807C94-DBA9-43B2-8047-9CD91519AA07}.Release|Any CPU.Build.0 = Release|Any CPU
		{2E73828F-B973-4BB5-8E87-F9A643420316}.Debug|Any CPU.ActiveCfg = Debug|Any CPU
		{2E73828F-B973-4BB5-8E87-F9A643420316}.Debug|Any CPU.Build.0 = Debug|Any CPU
		{2E73828F-B973-4BB5-8E87-F9A643420316}.Release|Any CPU.ActiveCfg = Release|Any CPU
		{2E73828F-B973-4BB5-8E87-F9A643420316}.Release|Any CPU.Build.0 = Release|Any CPU
	EndGlobalSection
	GlobalSection(SolutionProperties) = preSolution
		HideSolutionNode = FALSE
	EndGlobalSection
	GlobalSection(ExtensibilityGlobals) = postSolution
		SolutionGuid = {D72A2925-D4E3-4335-8C57-521D9F795EDE}
	EndGlobalSection
EndGlobal
