
Microsoft Visual Studio Solution File, Format Version 12.00
# Visual Studio Version 17
VisualStudioVersion = 17.4.33205.214
MinimumVisualStudioVersion = 10.0.40219.1
Project("{9A19103F-16F7-4668-BE54-9A1E7A4F7556}") = "RRS.API", "Recommendation System\RRS.API.csproj", "{0BDF8EC0-2520-4104-BE2D-8289526D155D}"
EndProject
Project("{FAE04EC0-301F-11D3-BF4B-00C04F79EFBC}") = "RRS.Core", "RRS.Core\RRS.Core.csproj", "{43295047-EEBD-4827-A677-D7131B9E1ADE}"
EndProject
Project("{2150E333-8FDC-42A3-9474-1A3956D46DE8}") = "BLL", "BLL", "{68C55ACE-DD6F-4C0C-B724-81480ECB43C0}"
EndProject
Project("{2150E333-8FDC-42A3-9474-1A3956D46DE8}") = "DAL", "DAL", "{E9121EC7-A462-48DA-BA42-8F62F4FD56F2}"
EndProject
Project("{2150E333-8FDC-42A3-9474-1A3956D46DE8}") = "DM", "DM", "{3BC22966-0651-49E0-A263-B58370E358FF}"
EndProject
Project("{FAE04EC0-301F-11D3-BF4B-00C04F79EFBC}") = "RRS.DM", "RRS.DM\RRS.DM.csproj", "{2A1BCFDE-5233-4212-89F7-3A934BE5A339}"
EndProject
Project("{FAE04EC0-301F-11D3-BF4B-00C04F79EFBC}") = "RRS.BLL.Restaurant", "RRS.BLL.Restaurant\RRS.BLL.Restaurant.csproj", "{8F4E05F4-3F4A-4E4A-A7E7-CD7BD40F3A2D}"
EndProject
Project("{FAE04EC0-301F-11D3-BF4B-00C04F79EFBC}") = "RRS.DAL.Restaurant", "RRS.DAL.Restaurant\RRS.DAL.Restaurant.csproj", "{55807C94-DBA9-43B2-8047-9CD91519AA07}"
EndProject
Project("{FAE04EC0-301F-11D3-BF4B-00C04F79EFBC}") = "RRS.DM.Common", "RRS.DM.Common\RRS.DM.Common.csproj", "{E9CE6FDA-6796-447F-BFA6-75325DCE2BFB}"
EndProject
Global
	GlobalSection(SolutionConfigurationPlatforms) = preSolution
		Debug|Any CPU = Debug|Any CPU
		Release|Any CPU = Release|Any CPU
	EndGlobalSection
	GlobalSection(ProjectConfigurationPlatforms) = postSolution
		{0BDF8EC0-2520-4104-BE2D-8289526D155D}.Debug|Any CPU.ActiveCfg = Debug|Any CPU
		{0BDF8EC0-2520-4104-BE2D-8289526D155D}.Debug|Any CPU.Build.0 = Debug|Any CPU
		{0BDF8EC0-2520-4104-BE2D-8289526D155D}.Release|Any CPU.ActiveCfg = Release|Any CPU
		{0BDF8EC0-2520-4104-BE2D-8289526D155D}.Release|Any CPU.Build.0 = Release|Any CPU
		{43295047-EEBD-4827-A677-D7131B9E1ADE}.Debug|Any CPU.ActiveCfg = Debug|Any CPU
		{43295047-EEBD-4827-A677-D7131B9E1ADE}.Debug|Any CPU.Build.0 = Debug|Any CPU
		{43295047-EEBD-4827-A677-D7131B9E1ADE}.Release|Any CPU.ActiveCfg = Release|Any CPU
		{43295047-EEBD-4827-A677-D7131B9E1ADE}.Release|Any CPU.Build.0 = Release|Any CPU
		{2A1BCFDE-5233-4212-89F7-3A934BE5A339}.Debug|Any CPU.ActiveCfg = Debug|Any CPU
		{2A1BCFDE-5233-4212-89F7-3A934BE5A339}.Debug|Any CPU.Build.0 = Debug|Any CPU
		{2A1BCFDE-5233-4212-89F7-3A934BE5A339}.Release|Any CPU.ActiveCfg = Release|Any CPU
		{2A1BCFDE-5233-4212-89F7-3A934BE5A339}.Release|Any CPU.Build.0 = Release|Any CPU
		{8F4E05F4-3F4A-4E4A-A7E7-CD7BD40F3A2D}.Debug|Any CPU.ActiveCfg = Debug|Any CPU
		{8F4E05F4-3F4A-4E4A-A7E7-CD7BD40F3A2D}.Debug|Any CPU.Build.0 = Debug|Any CPU
		{8F4E05F4-3F4A-4E4A-A7E7-CD7BD40F3A2D}.Release|Any CPU.ActiveCfg = Release|Any CPU
		{8F4E05F4-3F4A-4E4A-A7E7-CD7BD40F3A2D}.Release|Any CPU.Build.0 = Release|Any CPU
		{55807C94-DBA9-43B2-8047-9CD91519AA07}.Debug|Any CPU.ActiveCfg = Debug|Any CPU
		{55807C94-DBA9-43B2-8047-9CD91519AA07}.Debug|Any CPU.Build.0 = Debug|Any CPU
		{55807C94-DBA9-43B2-8047-9CD91519AA07}.Release|Any CPU.ActiveCfg = Release|Any CPU
		{55807C94-DBA9-43B2-8047-9CD91519AA07}.Release|Any CPU.Build.0 = Release|Any CPU
		{E9CE6FDA-6796-447F-BFA6-75325DCE2BFB}.Debug|Any CPU.ActiveCfg = Debug|Any CPU
		{E9CE6FDA-6796-447F-BFA6-75325DCE2BFB}.Debug|Any CPU.Build.0 = Debug|Any CPU
		{E9CE6FDA-6796-447F-BFA6-75325DCE2BFB}.Release|Any CPU.ActiveCfg = Release|Any CPU
		{E9CE6FDA-6796-447F-BFA6-75325DCE2BFB}.Release|Any CPU.Build.0 = Release|Any CPU
	EndGlobalSection
	GlobalSection(SolutionProperties) = preSolution
		HideSolutionNode = FALSE
	EndGlobalSection
	GlobalSection(NestedProjects) = preSolution
		{3BC22966-0651-49E0-A263-B58370E358FF} = {68C55ACE-DD6F-4C0C-B724-81480ECB43C0}
		{2A1BCFDE-5233-4212-89F7-3A934BE5A339} = {3BC22966-0651-49E0-A263-B58370E358FF}
		{8F4E05F4-3F4A-4E4A-A7E7-CD7BD40F3A2D} = {68C55ACE-DD6F-4C0C-B724-81480ECB43C0}
		{55807C94-DBA9-43B2-8047-9CD91519AA07} = {E9121EC7-A462-48DA-BA42-8F62F4FD56F2}
		{E9CE6FDA-6796-447F-BFA6-75325DCE2BFB} = {3BC22966-0651-49E0-A263-B58370E358FF}
	EndGlobalSection
	GlobalSection(ExtensibilityGlobals) = postSolution
		SolutionGuid = {D72A2925-D4E3-4335-8C57-521D9F795EDE}
	EndGlobalSection
EndGlobal
